
Microsoft Visual Studio Solution File, Format Version 12.00
# Visual Studio Version 17
VisualStudioVersion = 17.7.34024.191
MinimumVisualStudioVersion = 10.0.40219.1
Project("{FAE04EC0-301F-11D3-BF4B-00C04F79EFBC}") = "laba_7", "laba_7.csproj", "{69C89EAE-9347-438C-ADE8-5385640E7E63}"
EndProject
Global
	GlobalSection(SolutionConfigurationPlatforms) = preSolution
		Debug|Any CPU = Debug|Any CPU
		Release|Any CPU = Release|Any CPU
	EndGlobalSection
	GlobalSection(ProjectConfigurationPlatforms) = postSolution
		{69C89EAE-9347-438C-ADE8-5385640E7E63}.Debug|Any CPU.ActiveCfg = Debug|Any CPU
		{69C89EAE-9347-438C-ADE8-5385640E7E63}.Debug|Any CPU.Build.0 = Debug|Any CPU
		{69C89EAE-9347-438C-ADE8-5385640E7E63}.Release|Any CPU.ActiveCfg = Release|Any CPU
		{69C89EAE-9347-438C-ADE8-5385640E7E63}.Release|Any CPU.Build.0 = Release|Any CPU
	EndGlobalSection
	GlobalSection(SolutionProperties) = preSolution
		HideSolutionNode = FALSE
	EndGlobalSection
	GlobalSection(ExtensibilityGlobals) = postSolution
		SolutionGuid = {AF571EAF-9421-41E1-B7F5-8A21AC29D760}
	EndGlobalSection
EndGlobal
